// !$*UTF8*$!
{
	archiveVersion = 1;
	classes = {
	};
	objectVersion = 77;
	objects = {

/* Begin PBXBuildFile section */
		530D2C4D2D983A1E0040C247 /* CloudKit.framework in Frameworks */ = {isa = PBXBuildFile; fileRef = 530D2C4C2D983A1E0040C247 /* CloudKit.framework */; };
		530D2C532D983E720040C247 /* FirebaseCore in Frameworks */ = {isa = PBXBuildFile; productRef = 530D2C522D983E720040C247 /* FirebaseCore */; };
		530D2C552D983E780040C247 /* FirebaseCrashlytics in Frameworks */ = {isa = PBXBuildFile; productRef = 530D2C542D983E780040C247 /* FirebaseCrashlytics */; };
		5321A2E32E3FADEF0066DFC4 /* Flow in Frameworks */ = {isa = PBXBuildFile; productRef = 5321A2E22E3FADEF0066DFC4 /* Flow */; };
		5326DBDB2E49C99D00C83354 /* FirebaseMessaging in Frameworks */ = {isa = PBXBuildFile; productRef = 5326DBDA2E49C99D00C83354 /* FirebaseMessaging */; };
		532C151F2E3CC38600552599 /* FirebaseAnalyticsWithoutAdIdSupport in Frameworks */ = {isa = PBXBuildFile; productRef = 532C151E2E3CC38600552599 /* FirebaseAnalyticsWithoutAdIdSupport */; };
		532C15212E3CC39600552599 /* FirebaseAnalytics in Frameworks */ = {isa = PBXBuildFile; productRef = 532C15202E3CC39600552599 /* FirebaseAnalytics */; };
		5330097B2E43895E00C3057B /* FirebaseFunctions in Frameworks */ = {isa = PBXBuildFile; productRef = 5330097A2E43895E00C3057B /* FirebaseFunctions */; };
		5330097D2E43896100C3057B /* FirebaseFunctionsCombine-Community in Frameworks */ = {isa = PBXBuildFile; productRef = 5330097C2E43896100C3057B /* FirebaseFunctionsCombine-Community */; };
		53310BCA2D7E238900C1DE8B /* FirebaseCore in Frameworks */ = {isa = PBXBuildFile; productRef = 53310BC92D7E238900C1DE8B /* FirebaseCore */; };
		53310BCC2D7E238F00C1DE8B /* FirebaseCrashlytics in Frameworks */ = {isa = PBXBuildFile; productRef = 53310BCB2D7E238F00C1DE8B /* FirebaseCrashlytics */; };
		5370F6822E4052E3009238EB /* FirebaseAuth in Frameworks */ = {isa = PBXBuildFile; productRef = 5370F6812E4052E3009238EB /* FirebaseAuth */; };
		5370F6842E4052E8009238EB /* FirebaseFirestore in Frameworks */ = {isa = PBXBuildFile; productRef = 5370F6832E4052E8009238EB /* FirebaseFirestore */; };
		5370F6862E4052ED009238EB /* FirebaseStorage in Frameworks */ = {isa = PBXBuildFile; productRef = 5370F6852E4052ED009238EB /* FirebaseStorage */; };
		5370F6882E4052F1009238EB /* FirebaseAuth in Frameworks */ = {isa = PBXBuildFile; productRef = 5370F6872E4052F1009238EB /* FirebaseAuth */; };
		5370F68A2E4052F5009238EB /* FirebaseFirestore in Frameworks */ = {isa = PBXBuildFile; productRef = 5370F6892E4052F5009238EB /* FirebaseFirestore */; };
		5370F68C2E4052F9009238EB /* FirebaseStorage in Frameworks */ = {isa = PBXBuildFile; productRef = 5370F68B2E4052F9009238EB /* FirebaseStorage */; };
		5370F68F2E405358009238EB /* GoogleSignIn in Frameworks */ = {isa = PBXBuildFile; productRef = 5370F68E2E405358009238EB /* GoogleSignIn */; };
		5370F6912E405358009238EB /* GoogleSignInSwift in Frameworks */ = {isa = PBXBuildFile; productRef = 5370F6902E405358009238EB /* GoogleSignInSwift */; };
		5370F6932E4053C1009238EB /* GoogleSignIn in Frameworks */ = {isa = PBXBuildFile; productRef = 5370F6922E4053C1009238EB /* GoogleSignIn */; };
		5370F6952E4053C6009238EB /* GoogleSignInSwift in Frameworks */ = {isa = PBXBuildFile; productRef = 5370F6942E4053C6009238EB /* GoogleSignInSwift */; };
		539839692E48D9AC006ECF2D /* ReceiptParser in Frameworks */ = {isa = PBXBuildFile; productRef = 539839682E48D9AC006ECF2D /* ReceiptParser */; };
		5398396B2E48D9AC006ECF2D /* RevenueCat in Frameworks */ = {isa = PBXBuildFile; productRef = 5398396A2E48D9AC006ECF2D /* RevenueCat */; };
		5398396D2E48D9AC006ECF2D /* RevenueCatUI in Frameworks */ = {isa = PBXBuildFile; productRef = 5398396C2E48D9AC006ECF2D /* RevenueCatUI */; };
		5398397B2E48EAA3006ECF2D /* RevenueCat in Frameworks */ = {isa = PBXBuildFile; productRef = 5398397A2E48EAA3006ECF2D /* RevenueCat */; };
		5398397F2E48EAAC006ECF2D /* ReceiptParser in Frameworks */ = {isa = PBXBuildFile; productRef = 5398397E2E48EAAC006ECF2D /* ReceiptParser */; };
		53C13D072E4ECFAA00622B37 /* Flow in Frameworks */ = {isa = PBXBuildFile; productRef = 53C13D062E4ECFAA00622B37 /* Flow */; };
		53C13D0A2E4ED01F00622B37 /* FirebaseMessaging in Frameworks */ = {isa = PBXBuildFile; productRef = 53C13D092E4ED01F00622B37 /* FirebaseMessaging */; };
/* End PBXBuildFile section */

/* Begin PBXCopyFilesBuildPhase section */
		530D2C7B2D9844B40040C247 /* Embed Frameworks */ = {
			isa = PBXCopyFilesBuildPhase;
			buildActionMask = 2147483647;
			dstPath = "";
			dstSubfolderSpec = 10;
			files = (
			);
			name = "Embed Frameworks";
			runOnlyForDeploymentPostprocessing = 0;
		};
		53310D792D7EB4CF00C1DE8B /* Embed Frameworks */ = {
			isa = PBXCopyFilesBuildPhase;
			buildActionMask = 2147483647;
			dstPath = "";
			dstSubfolderSpec = 10;
			files = (
			);
			name = "Embed Frameworks";
			runOnlyForDeploymentPostprocessing = 0;
		};
/* End PBXCopyFilesBuildPhase section */

/* Begin PBXFileReference section */
		530D2C332D9836920040C247 /* My Dictionary.app */ = {isa = PBXFileReference; explicitFileType = wrapper.application; includeInIndex = 0; path = "My Dictionary.app"; sourceTree = BUILT_PRODUCTS_DIR; };
		530D2C4C2D983A1E0040C247 /* CloudKit.framework */ = {isa = PBXFileReference; lastKnownFileType = wrapper.framework; name = CloudKit.framework; path = Platforms/MacOSX.platform/Developer/SDKs/MacOSX15.2.sdk/System/Library/Frameworks/CloudKit.framework; sourceTree = DEVELOPER_DIR; };
		53E9A7542D7C3383007E9F28 /* My Dictionary.app */ = {isa = PBXFileReference; explicitFileType = wrapper.application; includeInIndex = 0; path = "My Dictionary.app"; sourceTree = BUILT_PRODUCTS_DIR; };
		53E9AAD22D7CA84F007E9F28 /* README.md */ = {isa = PBXFileReference; lastKnownFileType = net.daringfireball.markdown; path = README.md; sourceTree = "<group>"; };
		53FA60FD2E44715100CE4292 /* firestore.rules */ = {isa = PBXFileReference; explicitFileType = text.script.sh; path = firestore.rules; sourceTree = "<group>"; };
/* End PBXFileReference section */

/* Begin PBXFileSystemSynchronizedBuildFileExceptionSet section */
		53DEC9282E5B176300915563 /* Exceptions for "My Dictionary (iOS)" folder in "My Dictionary (macOS)" target */ = {
			isa = PBXFileSystemSynchronizedBuildFileExceptionSet;
			membershipExceptions = (
				UserInterface/Home/Analytics/TTSAnalyticsView.swift,
			);
			target = 530D2C322D9836920040C247 /* My Dictionary (macOS) */;
		};
/* End PBXFileSystemSynchronizedBuildFileExceptionSet section */

/* Begin PBXFileSystemSynchronizedRootGroup section */
		530D2C342D9836920040C247 /* My Dictionary (macOS) */ = {
			isa = PBXFileSystemSynchronizedRootGroup;
			path = "My Dictionary (macOS)";
			sourceTree = "<group>";
		};
		53E9A7562D7C3383007E9F28 /* My Dictionary (iOS) */ = {
			isa = PBXFileSystemSynchronizedRootGroup;
			exceptions = (
				53DEC9282E5B176300915563 /* Exceptions for "My Dictionary (iOS)" folder in "My Dictionary (macOS)" target */,
			);
			path = "My Dictionary (iOS)";
			sourceTree = "<group>";
		};
		53E9A9F92D7C439B007E9F28 /* Shared */ = {
			isa = PBXFileSystemSynchronizedRootGroup;
			path = Shared;
			sourceTree = "<group>";
		};
		53E9AAD82D7CA867007E9F28 /* docs */ = {
			isa = PBXFileSystemSynchronizedRootGroup;
			path = docs;
			sourceTree = "<group>";
		};
/* End PBXFileSystemSynchronizedRootGroup section */

/* Begin PBXFrameworksBuildPhase section */
		530D2C302D9836920040C247 /* Frameworks */ = {
			isa = PBXFrameworksBuildPhase;
			buildActionMask = 2147483647;
			files = (
				5370F6952E4053C6009238EB /* GoogleSignInSwift in Frameworks */,
				530D2C552D983E780040C247 /* FirebaseCrashlytics in Frameworks */,
				5398397B2E48EAA3006ECF2D /* RevenueCat in Frameworks */,
				53C13D072E4ECFAA00622B37 /* Flow in Frameworks */,
				5370F6932E4053C1009238EB /* GoogleSignIn in Frameworks */,
				5370F6882E4052F1009238EB /* FirebaseAuth in Frameworks */,
				5398397F2E48EAAC006ECF2D /* ReceiptParser in Frameworks */,
				530D2C532D983E720040C247 /* FirebaseCore in Frameworks */,
				53C13D0A2E4ED01F00622B37 /* FirebaseMessaging in Frameworks */,
				532C15212E3CC39600552599 /* FirebaseAnalytics in Frameworks */,
				5370F68C2E4052F9009238EB /* FirebaseStorage in Frameworks */,
				530D2C4D2D983A1E0040C247 /* CloudKit.framework in Frameworks */,
				5370F68A2E4052F5009238EB /* FirebaseFirestore in Frameworks */,
			);
			runOnlyForDeploymentPostprocessing = 0;
		};
		53E9A7512D7C3383007E9F28 /* Frameworks */ = {
			isa = PBXFrameworksBuildPhase;
			buildActionMask = 2147483647;
			files = (
				5370F6912E405358009238EB /* GoogleSignInSwift in Frameworks */,
				5321A2E32E3FADEF0066DFC4 /* Flow in Frameworks */,
				5398396D2E48D9AC006ECF2D /* RevenueCatUI in Frameworks */,
				5370F68F2E405358009238EB /* GoogleSignIn in Frameworks */,
				5370F6822E4052E3009238EB /* FirebaseAuth in Frameworks */,
				53310BCC2D7E238F00C1DE8B /* FirebaseCrashlytics in Frameworks */,
				532C151F2E3CC38600552599 /* FirebaseAnalyticsWithoutAdIdSupport in Frameworks */,
				539839692E48D9AC006ECF2D /* ReceiptParser in Frameworks */,
				5370F6862E4052ED009238EB /* FirebaseStorage in Frameworks */,
				5330097B2E43895E00C3057B /* FirebaseFunctions in Frameworks */,
				5398396B2E48D9AC006ECF2D /* RevenueCat in Frameworks */,
				53310BCA2D7E238900C1DE8B /* FirebaseCore in Frameworks */,
				5326DBDB2E49C99D00C83354 /* FirebaseMessaging in Frameworks */,
				5330097D2E43896100C3057B /* FirebaseFunctionsCombine-Community in Frameworks */,
				5370F6842E4052E8009238EB /* FirebaseFirestore in Frameworks */,
			);
			runOnlyForDeploymentPostprocessing = 0;
		};
/* End PBXFrameworksBuildPhase section */

/* Begin PBXGroup section */
		53E9A74B2D7C3383007E9F28 = {
			isa = PBXGroup;
			children = (
				53E9A7562D7C3383007E9F28 /* My Dictionary (iOS) */,
				53E9A9F92D7C439B007E9F28 /* Shared */,
				530D2C342D9836920040C247 /* My Dictionary (macOS) */,
				53E9A7552D7C3383007E9F28 /* Products */,
				53E9A8172D7C4019007E9F28 /* Frameworks */,
				53E9AAD22D7CA84F007E9F28 /* README.md */,
				53E9AAD82D7CA867007E9F28 /* docs */,
				53FA60FD2E44715100CE4292 /* firestore.rules */,
			);
			sourceTree = "<group>";
		};
		53E9A7552D7C3383007E9F28 /* Products */ = {
			isa = PBXGroup;
			children = (
				53E9A7542D7C3383007E9F28 /* My Dictionary.app */,
				530D2C332D9836920040C247 /* My Dictionary.app */,
			);
			name = Products;
			sourceTree = "<group>";
		};
		53E9A8172D7C4019007E9F28 /* Frameworks */ = {
			isa = PBXGroup;
			children = (
				530D2C4C2D983A1E0040C247 /* CloudKit.framework */,
			);
			name = Frameworks;
			sourceTree = "<group>";
		};
/* End PBXGroup section */

/* Begin PBXNativeTarget section */
		530D2C322D9836920040C247 /* My Dictionary (macOS) */ = {
			isa = PBXNativeTarget;
			buildConfigurationList = 530D2C462D9836930040C247 /* Build configuration list for PBXNativeTarget "My Dictionary (macOS)" */;
			buildPhases = (
				530D2C2F2D9836920040C247 /* Sources */,
				530D2C302D9836920040C247 /* Frameworks */,
				530D2C312D9836920040C247 /* Resources */,
				530D2C7B2D9844B40040C247 /* Embed Frameworks */,
			);
			buildRules = (
			);
			dependencies = (
			);
			fileSystemSynchronizedGroups = (
				530D2C342D9836920040C247 /* My Dictionary (macOS) */,
				53E9A9F92D7C439B007E9F28 /* Shared */,
			);
			name = "My Dictionary (macOS)";
			packageProductDependencies = (
				530D2C522D983E720040C247 /* FirebaseCore */,
				530D2C542D983E780040C247 /* FirebaseCrashlytics */,
				532C15202E3CC39600552599 /* FirebaseAnalytics */,
				5370F6872E4052F1009238EB /* FirebaseAuth */,
				5370F6892E4052F5009238EB /* FirebaseFirestore */,
				5370F68B2E4052F9009238EB /* FirebaseStorage */,
				5370F6922E4053C1009238EB /* GoogleSignIn */,
				5370F6942E4053C6009238EB /* GoogleSignInSwift */,
				5398397A2E48EAA3006ECF2D /* RevenueCat */,
				5398397E2E48EAAC006ECF2D /* ReceiptParser */,
				53C13D062E4ECFAA00622B37 /* Flow */,
				53C13D092E4ED01F00622B37 /* FirebaseMessaging */,
			);
			productName = "My Dictionary (macOS)";
			productReference = 530D2C332D9836920040C247 /* My Dictionary.app */;
			productType = "com.apple.product-type.application";
		};
		53E9A7532D7C3383007E9F28 /* My Dictionary */ = {
			isa = PBXNativeTarget;
			buildConfigurationList = 53E9A7812D7C3385007E9F28 /* Build configuration list for PBXNativeTarget "My Dictionary" */;
			buildPhases = (
				53E9A7502D7C3383007E9F28 /* Sources */,
				53E9A7512D7C3383007E9F28 /* Frameworks */,
				53E9A7522D7C3383007E9F28 /* Resources */,
				53310D792D7EB4CF00C1DE8B /* Embed Frameworks */,
			);
			buildRules = (
			);
			dependencies = (
			);
			fileSystemSynchronizedGroups = (
				53E9A7562D7C3383007E9F28 /* My Dictionary (iOS) */,
				53E9A9F92D7C439B007E9F28 /* Shared */,
			);
			name = "My Dictionary";
			packageProductDependencies = (
				53310BC92D7E238900C1DE8B /* FirebaseCore */,
				53310BCB2D7E238F00C1DE8B /* FirebaseCrashlytics */,
				532C151E2E3CC38600552599 /* FirebaseAnalyticsWithoutAdIdSupport */,
				5321A2E22E3FADEF0066DFC4 /* Flow */,
				5370F6812E4052E3009238EB /* FirebaseAuth */,
				5370F6832E4052E8009238EB /* FirebaseFirestore */,
				5370F6852E4052ED009238EB /* FirebaseStorage */,
				5370F68E2E405358009238EB /* GoogleSignIn */,
				5370F6902E405358009238EB /* GoogleSignInSwift */,
				5330097A2E43895E00C3057B /* FirebaseFunctions */,
				5330097C2E43896100C3057B /* FirebaseFunctionsCombine-Community */,
				539839682E48D9AC006ECF2D /* ReceiptParser */,
				5398396A2E48D9AC006ECF2D /* RevenueCat */,
				5398396C2E48D9AC006ECF2D /* RevenueCatUI */,
				5326DBDA2E49C99D00C83354 /* FirebaseMessaging */,
			);
			productName = "My Dictionary";
			productReference = 53E9A7542D7C3383007E9F28 /* My Dictionary.app */;
			productType = "com.apple.product-type.application";
		};
/* End PBXNativeTarget section */

/* Begin PBXProject section */
		53E9A74C2D7C3383007E9F28 /* Project object */ = {
			isa = PBXProject;
			attributes = {
				BuildIndependentTargetsInParallel = 1;
				LastSwiftUpdateCheck = 1620;
				LastUpgradeCheck = 1620;
				TargetAttributes = {
					530D2C322D9836920040C247 = {
						CreatedOnToolsVersion = 16.2;
					};
					53E9A7532D7C3383007E9F28 = {
						CreatedOnToolsVersion = 16.2;
					};
				};
			};
			buildConfigurationList = 53E9A74F2D7C3383007E9F28 /* Build configuration list for PBXProject "My Dictionary" */;
			developmentRegion = en;
			hasScannedForEncodings = 0;
			knownRegions = (
				en,
				Base,
				ru,
				ar,
				ca,
				"zh-Hans",
				"zh-Hant",
				hr,
				cs,
				da,
				nl,
				fi,
				fr,
				de,
				el,
				he,
				hi,
				hu,
				id,
				it,
				ja,
				ko,
				ms,
				nb,
				pl,
				"pt-BR",
				"pt-PT",
				ro,
				sk,
				es,
				sv,
				th,
				tr,
				uk,
				vi,
				no,
			);
			mainGroup = 53E9A74B2D7C3383007E9F28;
			minimizedProjectReferenceProxies = 1;
			packageReferences = (
				53310BA02D7E20D600C1DE8B /* XCRemoteSwiftPackageReference "firebase-ios-sdk" */,
				5321A2E12E3FADEF0066DFC4 /* XCRemoteSwiftPackageReference "SwiftUI-Flow" */,
				5370F68D2E405358009238EB /* XCRemoteSwiftPackageReference "GoogleSignIn-iOS" */,
				539839672E48D9AC006ECF2D /* XCRemoteSwiftPackageReference "purchases-ios" */,
			);
			preferredProjectObjectVersion = 77;
			productRefGroup = 53E9A7552D7C3383007E9F28 /* Products */;
			projectDirPath = "";
			projectRoot = "";
			targets = (
				53E9A7532D7C3383007E9F28 /* My Dictionary */,
				530D2C322D9836920040C247 /* My Dictionary (macOS) */,
			);
		};
/* End PBXProject section */

/* Begin PBXResourcesBuildPhase section */
		530D2C312D9836920040C247 /* Resources */ = {
			isa = PBXResourcesBuildPhase;
			buildActionMask = 2147483647;
			files = (
			);
			runOnlyForDeploymentPostprocessing = 0;
		};
		53E9A7522D7C3383007E9F28 /* Resources */ = {
			isa = PBXResourcesBuildPhase;
			buildActionMask = 2147483647;
			files = (
			);
			runOnlyForDeploymentPostprocessing = 0;
		};
/* End PBXResourcesBuildPhase section */

/* Begin PBXSourcesBuildPhase section */
		530D2C2F2D9836920040C247 /* Sources */ = {
			isa = PBXSourcesBuildPhase;
			buildActionMask = 2147483647;
			files = (
			);
			runOnlyForDeploymentPostprocessing = 0;
		};
		53E9A7502D7C3383007E9F28 /* Sources */ = {
			isa = PBXSourcesBuildPhase;
			buildActionMask = 2147483647;
			files = (
			);
			runOnlyForDeploymentPostprocessing = 0;
		};
/* End PBXSourcesBuildPhase section */

/* Begin XCBuildConfiguration section */
		530D2C442D9836930040C247 /* Debug */ = {
			isa = XCBuildConfiguration;
			buildSettings = {
				ASSETCATALOG_COMPILER_APPICON_NAME = AppIcon;
				ASSETCATALOG_COMPILER_GLOBAL_ACCENT_COLOR_NAME = AccentColor;
				CODE_SIGN_ENTITLEMENTS = "My Dictionary (macOS)/MyDictionary.entitlements";
				CODE_SIGN_STYLE = Automatic;
				COMBINE_HIDPI_IMAGES = YES;
				CURRENT_PROJECT_VERSION = 17;
				DEVELOPMENT_ASSET_PATHS = Shared/Assets.xcassets;
				DEVELOPMENT_TEAM = 69S862NXBP;
				ENABLE_HARDENED_RUNTIME = YES;
				ENABLE_PREVIEWS = YES;
				GENERATE_INFOPLIST_FILE = YES;
				INFOPLIST_FILE = "My Dictionary (macOS)/macOS-Info.plist";
				INFOPLIST_KEY_CFBundleDisplayName = "My Dictionary";
				INFOPLIST_KEY_LSApplicationCategoryType = "public.app-category.education";
				INFOPLIST_KEY_NSHumanReadableCopyright = "";
				LD_RUNPATH_SEARCH_PATHS = (
					"$(inherited)",
					"@executable_path/../Frameworks",
				);
				MACOSX_DEPLOYMENT_TARGET = 14;
				MARKETING_VERSION = 4.1;
				PRODUCT_BUNDLE_IDENTIFIER = "com.dor.My-Dictionary";
				PRODUCT_NAME = "My Dictionary";
				SDKROOT = macosx;
				SWIFT_EMIT_LOC_STRINGS = YES;
				SWIFT_VERSION = 5.0;
			};
			name = Debug;
		};
		530D2C452D9836930040C247 /* Release */ = {
			isa = XCBuildConfiguration;
			buildSettings = {
				ASSETCATALOG_COMPILER_APPICON_NAME = AppIcon;
				ASSETCATALOG_COMPILER_GLOBAL_ACCENT_COLOR_NAME = AccentColor;
				CODE_SIGN_ENTITLEMENTS = "My Dictionary (macOS)/MyDictionary.entitlements";
				CODE_SIGN_STYLE = Automatic;
				COMBINE_HIDPI_IMAGES = YES;
				CURRENT_PROJECT_VERSION = 17;
				DEVELOPMENT_ASSET_PATHS = Shared/Assets.xcassets;
				DEVELOPMENT_TEAM = 69S862NXBP;
				ENABLE_HARDENED_RUNTIME = YES;
				ENABLE_PREVIEWS = YES;
				GENERATE_INFOPLIST_FILE = YES;
				INFOPLIST_FILE = "My Dictionary (macOS)/macOS-Info.plist";
				INFOPLIST_KEY_CFBundleDisplayName = "My Dictionary";
				INFOPLIST_KEY_LSApplicationCategoryType = "public.app-category.education";
				INFOPLIST_KEY_NSHumanReadableCopyright = "";
				LD_RUNPATH_SEARCH_PATHS = (
					"$(inherited)",
					"@executable_path/../Frameworks",
				);
				MACOSX_DEPLOYMENT_TARGET = 14;
				MARKETING_VERSION = 4.1;
				PRODUCT_BUNDLE_IDENTIFIER = "com.dor.My-Dictionary";
				PRODUCT_NAME = "My Dictionary";
				SDKROOT = macosx;
				SWIFT_EMIT_LOC_STRINGS = YES;
				SWIFT_VERSION = 5.0;
			};
			name = Release;
		};
		53E9A7822D7C3385007E9F28 /* Debug */ = {
			isa = XCBuildConfiguration;
			buildSettings = {
				ASSETCATALOG_COMPILER_APPICON_NAME = AppIcon;
				ASSETCATALOG_COMPILER_GLOBAL_ACCENT_COLOR_NAME = AccentColor;
				CODE_SIGN_ENTITLEMENTS = "My Dictionary (iOS)/Resources/My_Dictionary.entitlements";
				CODE_SIGN_STYLE = Automatic;
				CURRENT_PROJECT_VERSION = 7;
				DEVELOPMENT_ASSET_PATHS = Shared/Assets.xcassets;
				DEVELOPMENT_TEAM = 69S862NXBP;
				GENERATE_INFOPLIST_FILE = YES;
				INFOPLIST_FILE = "My Dictionary (iOS)/iOS-Info.plist";
				INFOPLIST_KEY_LSApplicationCategoryType = "public.app-category.education";
				INFOPLIST_KEY_UIApplicationSupportsIndirectInputEvents = YES;
				INFOPLIST_KEY_UILaunchStoryboardName = LaunchScreen.storyboard;
				INFOPLIST_KEY_UIRequiresFullScreen = YES;
				INFOPLIST_KEY_UISupportedInterfaceOrientations = UIInterfaceOrientationPortrait;
				INFOPLIST_KEY_UISupportedInterfaceOrientations_iPad = "UIInterfaceOrientationLandscapeLeft UIInterfaceOrientationLandscapeRight UIInterfaceOrientationPortrait UIInterfaceOrientationPortraitUpsideDown";
				IPHONEOS_DEPLOYMENT_TARGET = 17;
				LD_RUNPATH_SEARCH_PATHS = (
					"$(inherited)",
					"@executable_path/Frameworks",
				);
				MACOSX_DEPLOYMENT_TARGET = 14.6;
				MARKETING_VERSION = 4.1;
				PRODUCT_BUNDLE_IDENTIFIER = "com.dor.My-Dictionary";
				PRODUCT_NAME = "$(TARGET_NAME)";
				SUPPORTED_PLATFORMS = "iphoneos iphonesimulator";
				SUPPORTS_MACCATALYST = NO;
				SUPPORTS_MAC_DESIGNED_FOR_IPHONE_IPAD = NO;
				SUPPORTS_XR_DESIGNED_FOR_IPHONE_IPAD = NO;
				SWIFT_EMIT_LOC_STRINGS = YES;
				SWIFT_VERSION = 5.0;
				TARGETED_DEVICE_FAMILY = "1,2";
			};
			name = Debug;
		};
		53E9A7832D7C3385007E9F28 /* Release */ = {
			isa = XCBuildConfiguration;
			buildSettings = {
				ASSETCATALOG_COMPILER_APPICON_NAME = AppIcon;
				ASSETCATALOG_COMPILER_GLOBAL_ACCENT_COLOR_NAME = AccentColor;
				CODE_SIGN_ENTITLEMENTS = "My Dictionary (iOS)/Resources/My_Dictionary.entitlements";
				CODE_SIGN_STYLE = Automatic;
				CURRENT_PROJECT_VERSION = 7;
				DEVELOPMENT_ASSET_PATHS = Shared/Assets.xcassets;
				DEVELOPMENT_TEAM = 69S862NXBP;
				GENERATE_INFOPLIST_FILE = YES;
				INFOPLIST_FILE = "My Dictionary (iOS)/iOS-Info.plist";
				INFOPLIST_KEY_LSApplicationCategoryType = "public.app-category.education";
				INFOPLIST_KEY_UIApplicationSupportsIndirectInputEvents = YES;
				INFOPLIST_KEY_UILaunchStoryboardName = LaunchScreen.storyboard;
				INFOPLIST_KEY_UIRequiresFullScreen = YES;
				INFOPLIST_KEY_UISupportedInterfaceOrientations = UIInterfaceOrientationPortrait;
				INFOPLIST_KEY_UISupportedInterfaceOrientations_iPad = "UIInterfaceOrientationLandscapeLeft UIInterfaceOrientationLandscapeRight UIInterfaceOrientationPortrait UIInterfaceOrientationPortraitUpsideDown";
				IPHONEOS_DEPLOYMENT_TARGET = 17;
				LD_RUNPATH_SEARCH_PATHS = (
					"$(inherited)",
					"@executable_path/Frameworks",
				);
				MACOSX_DEPLOYMENT_TARGET = 14.6;
				MARKETING_VERSION = 4.1;
				PRODUCT_BUNDLE_IDENTIFIER = "com.dor.My-Dictionary";
				PRODUCT_NAME = "$(TARGET_NAME)";
				SUPPORTED_PLATFORMS = "iphoneos iphonesimulator";
				SUPPORTS_MACCATALYST = NO;
				SUPPORTS_MAC_DESIGNED_FOR_IPHONE_IPAD = NO;
				SUPPORTS_XR_DESIGNED_FOR_IPHONE_IPAD = NO;
				SWIFT_EMIT_LOC_STRINGS = YES;
				SWIFT_VERSION = 5.0;
				TARGETED_DEVICE_FAMILY = "1,2";
			};
			name = Release;
		};
		53E9A7842D7C3385007E9F28 /* Debug */ = {
			isa = XCBuildConfiguration;
			buildSettings = {
				ALWAYS_SEARCH_USER_PATHS = NO;
				ASSETCATALOG_COMPILER_GENERATE_SWIFT_ASSET_SYMBOL_EXTENSIONS = YES;
				CLANG_ANALYZER_LOCALIZABILITY_NONLOCALIZED = YES;
				CLANG_ANALYZER_NONNULL = YES;
				CLANG_ANALYZER_NUMBER_OBJECT_CONVERSION = YES_AGGRESSIVE;
				CLANG_CXX_LANGUAGE_STANDARD = "gnu++20";
				CLANG_ENABLE_MODULES = YES;
				CLANG_ENABLE_OBJC_ARC = YES;
				CLANG_ENABLE_OBJC_WEAK = YES;
				CLANG_WARN_BLOCK_CAPTURE_AUTORELEASING = YES;
				CLANG_WARN_BOOL_CONVERSION = YES;
				CLANG_WARN_COMMA = YES;
				CLANG_WARN_CONSTANT_CONVERSION = YES;
				CLANG_WARN_DEPRECATED_OBJC_IMPLEMENTATIONS = YES;
				CLANG_WARN_DIRECT_OBJC_ISA_USAGE = YES_ERROR;
				CLANG_WARN_DOCUMENTATION_COMMENTS = YES;
				CLANG_WARN_EMPTY_BODY = YES;
				CLANG_WARN_ENUM_CONVERSION = YES;
				CLANG_WARN_INFINITE_RECURSION = YES;
				CLANG_WARN_INT_CONVERSION = YES;
				CLANG_WARN_NON_LITERAL_NULL_CONVERSION = YES;
				CLANG_WARN_OBJC_IMPLICIT_RETAIN_SELF = YES;
				CLANG_WARN_OBJC_LITERAL_CONVERSION = YES;
				CLANG_WARN_OBJC_ROOT_CLASS = YES_ERROR;
				CLANG_WARN_QUOTED_INCLUDE_IN_FRAMEWORK_HEADER = YES;
				CLANG_WARN_RANGE_LOOP_ANALYSIS = YES;
				CLANG_WARN_STRICT_PROTOTYPES = YES;
				CLANG_WARN_SUSPICIOUS_MOVE = YES;
				CLANG_WARN_UNGUARDED_AVAILABILITY = YES_AGGRESSIVE;
				CLANG_WARN_UNREACHABLE_CODE = YES;
				CLANG_WARN__DUPLICATE_METHOD_MATCH = YES;
				COPY_PHASE_STRIP = NO;
				DEBUG_INFORMATION_FORMAT = dwarf;
				ENABLE_STRICT_OBJC_MSGSEND = YES;
				ENABLE_TESTABILITY = YES;
				ENABLE_USER_SCRIPT_SANDBOXING = YES;
				GCC_C_LANGUAGE_STANDARD = gnu17;
				GCC_DYNAMIC_NO_PIC = NO;
				GCC_NO_COMMON_BLOCKS = YES;
				GCC_OPTIMIZATION_LEVEL = 0;
				GCC_PREPROCESSOR_DEFINITIONS = (
					"DEBUG=1",
					"$(inherited)",
				);
				GCC_WARN_64_TO_32_BIT_CONVERSION = YES;
				GCC_WARN_ABOUT_RETURN_TYPE = YES_ERROR;
				GCC_WARN_UNDECLARED_SELECTOR = YES;
				GCC_WARN_UNINITIALIZED_AUTOS = YES_AGGRESSIVE;
				GCC_WARN_UNUSED_FUNCTION = YES;
				GCC_WARN_UNUSED_VARIABLE = YES;
				IPHONEOS_DEPLOYMENT_TARGET = 17.6;
				LOCALIZATION_PREFERS_STRING_CATALOGS = YES;
				MTL_ENABLE_DEBUG_INFO = INCLUDE_SOURCE;
				MTL_FAST_MATH = YES;
				ONLY_ACTIVE_ARCH = YES;
				SDKROOT = iphoneos;
				SWIFT_ACTIVE_COMPILATION_CONDITIONS = "DEBUG $(inherited)";
				SWIFT_OPTIMIZATION_LEVEL = "-Onone";
			};
			name = Debug;
		};
		53E9A7852D7C3385007E9F28 /* Release */ = {
			isa = XCBuildConfiguration;
			buildSettings = {
				ALWAYS_SEARCH_USER_PATHS = NO;
				ASSETCATALOG_COMPILER_GENERATE_SWIFT_ASSET_SYMBOL_EXTENSIONS = YES;
				CLANG_ANALYZER_LOCALIZABILITY_NONLOCALIZED = YES;
				CLANG_ANALYZER_NONNULL = YES;
				CLANG_ANALYZER_NUMBER_OBJECT_CONVERSION = YES_AGGRESSIVE;
				CLANG_CXX_LANGUAGE_STANDARD = "gnu++20";
				CLANG_ENABLE_MODULES = YES;
				CLANG_ENABLE_OBJC_ARC = YES;
				CLANG_ENABLE_OBJC_WEAK = YES;
				CLANG_WARN_BLOCK_CAPTURE_AUTORELEASING = YES;
				CLANG_WARN_BOOL_CONVERSION = YES;
				CLANG_WARN_COMMA = YES;
				CLANG_WARN_CONSTANT_CONVERSION = YES;
				CLANG_WARN_DEPRECATED_OBJC_IMPLEMENTATIONS = YES;
				CLANG_WARN_DIRECT_OBJC_ISA_USAGE = YES_ERROR;
				CLANG_WARN_DOCUMENTATION_COMMENTS = YES;
				CLANG_WARN_EMPTY_BODY = YES;
				CLANG_WARN_ENUM_CONVERSION = YES;
				CLANG_WARN_INFINITE_RECURSION = YES;
				CLANG_WARN_INT_CONVERSION = YES;
				CLANG_WARN_NON_LITERAL_NULL_CONVERSION = YES;
				CLANG_WARN_OBJC_IMPLICIT_RETAIN_SELF = YES;
				CLANG_WARN_OBJC_LITERAL_CONVERSION = YES;
				CLANG_WARN_OBJC_ROOT_CLASS = YES_ERROR;
				CLANG_WARN_QUOTED_INCLUDE_IN_FRAMEWORK_HEADER = YES;
				CLANG_WARN_RANGE_LOOP_ANALYSIS = YES;
				CLANG_WARN_STRICT_PROTOTYPES = YES;
				CLANG_WARN_SUSPICIOUS_MOVE = YES;
				CLANG_WARN_UNGUARDED_AVAILABILITY = YES_AGGRESSIVE;
				CLANG_WARN_UNREACHABLE_CODE = YES;
				CLANG_WARN__DUPLICATE_METHOD_MATCH = YES;
				COPY_PHASE_STRIP = NO;
				DEBUG_INFORMATION_FORMAT = "dwarf-with-dsym";
				ENABLE_NS_ASSERTIONS = NO;
				ENABLE_STRICT_OBJC_MSGSEND = YES;
				ENABLE_USER_SCRIPT_SANDBOXING = YES;
				GCC_C_LANGUAGE_STANDARD = gnu17;
				GCC_NO_COMMON_BLOCKS = YES;
				GCC_WARN_64_TO_32_BIT_CONVERSION = YES;
				GCC_WARN_ABOUT_RETURN_TYPE = YES_ERROR;
				GCC_WARN_UNDECLARED_SELECTOR = YES;
				GCC_WARN_UNINITIALIZED_AUTOS = YES_AGGRESSIVE;
				GCC_WARN_UNUSED_FUNCTION = YES;
				GCC_WARN_UNUSED_VARIABLE = YES;
				IPHONEOS_DEPLOYMENT_TARGET = 17.6;
				LOCALIZATION_PREFERS_STRING_CATALOGS = YES;
				MTL_ENABLE_DEBUG_INFO = NO;
				MTL_FAST_MATH = YES;
				SDKROOT = iphoneos;
				SWIFT_COMPILATION_MODE = wholemodule;
				VALIDATE_PRODUCT = YES;
			};
			name = Release;
		};
/* End XCBuildConfiguration section */

/* Begin XCConfigurationList section */
		530D2C462D9836930040C247 /* Build configuration list for PBXNativeTarget "My Dictionary (macOS)" */ = {
			isa = XCConfigurationList;
			buildConfigurations = (
				530D2C442D9836930040C247 /* Debug */,
				530D2C452D9836930040C247 /* Release */,
			);
			defaultConfigurationIsVisible = 0;
			defaultConfigurationName = Release;
		};
		53E9A74F2D7C3383007E9F28 /* Build configuration list for PBXProject "My Dictionary" */ = {
			isa = XCConfigurationList;
			buildConfigurations = (
				53E9A7842D7C3385007E9F28 /* Debug */,
				53E9A7852D7C3385007E9F28 /* Release */,
			);
			defaultConfigurationIsVisible = 0;
			defaultConfigurationName = Release;
		};
		53E9A7812D7C3385007E9F28 /* Build configuration list for PBXNativeTarget "My Dictionary" */ = {
			isa = XCConfigurationList;
			buildConfigurations = (
				53E9A7822D7C3385007E9F28 /* Debug */,
				53E9A7832D7C3385007E9F28 /* Release */,
			);
			defaultConfigurationIsVisible = 0;
			defaultConfigurationName = Release;
		};
/* End XCConfigurationList section */

/* Begin XCRemoteSwiftPackageReference section */
		5321A2E12E3FADEF0066DFC4 /* XCRemoteSwiftPackageReference "SwiftUI-Flow" */ = {
			isa = XCRemoteSwiftPackageReference;
			repositoryURL = "https://github.com/tevelee/SwiftUI-Flow.git";
			requirement = {
				kind = upToNextMajorVersion;
				minimumVersion = 3.1.1;
			};
		};
		53310BA02D7E20D600C1DE8B /* XCRemoteSwiftPackageReference "firebase-ios-sdk" */ = {
			isa = XCRemoteSwiftPackageReference;
			repositoryURL = "https://github.com/firebase/firebase-ios-sdk.git";
			requirement = {
				kind = upToNextMajorVersion;
				minimumVersion = 11.9.0;
			};
		};
		5370F68D2E405358009238EB /* XCRemoteSwiftPackageReference "GoogleSignIn-iOS" */ = {
			isa = XCRemoteSwiftPackageReference;
			repositoryURL = "https://github.com/google/GoogleSignIn-iOS.git";
			requirement = {
				kind = upToNextMajorVersion;
				minimumVersion = 9.0.0;
			};
		};
		539839672E48D9AC006ECF2D /* XCRemoteSwiftPackageReference "purchases-ios" */ = {
			isa = XCRemoteSwiftPackageReference;
			repositoryURL = "https://github.com/RevenueCat/purchases-ios.git";
			requirement = {
				kind = upToNextMajorVersion;
				minimumVersion = 5.34.0;
			};
		};
/* End XCRemoteSwiftPackageReference section */

/* Begin XCSwiftPackageProductDependency section */
		530D2C522D983E720040C247 /* FirebaseCore */ = {
			isa = XCSwiftPackageProductDependency;
			package = 53310BA02D7E20D600C1DE8B /* XCRemoteSwiftPackageReference "firebase-ios-sdk" */;
			productName = FirebaseCore;
		};
		530D2C542D983E780040C247 /* FirebaseCrashlytics */ = {
			isa = XCSwiftPackageProductDependency;
			package = 53310BA02D7E20D600C1DE8B /* XCRemoteSwiftPackageReference "firebase-ios-sdk" */;
			productName = FirebaseCrashlytics;
		};
		5321A2E22E3FADEF0066DFC4 /* Flow */ = {
			isa = XCSwiftPackageProductDependency;
			package = 5321A2E12E3FADEF0066DFC4 /* XCRemoteSwiftPackageReference "SwiftUI-Flow" */;
			productName = Flow;
		};
		5326DBDA2E49C99D00C83354 /* FirebaseMessaging */ = {
			isa = XCSwiftPackageProductDependency;
			package = 53310BA02D7E20D600C1DE8B /* XCRemoteSwiftPackageReference "firebase-ios-sdk" */;
			productName = FirebaseMessaging;
		};
		532C151E2E3CC38600552599 /* FirebaseAnalyticsWithoutAdIdSupport */ = {
			isa = XCSwiftPackageProductDependency;
			package = 53310BA02D7E20D600C1DE8B /* XCRemoteSwiftPackageReference "firebase-ios-sdk" */;
			productName = FirebaseAnalyticsWithoutAdIdSupport;
		};
		532C15202E3CC39600552599 /* FirebaseAnalytics */ = {
			isa = XCSwiftPackageProductDependency;
			package = 53310BA02D7E20D600C1DE8B /* XCRemoteSwiftPackageReference "firebase-ios-sdk" */;
			productName = FirebaseAnalytics;
		};
		5330097A2E43895E00C3057B /* FirebaseFunctions */ = {
			isa = XCSwiftPackageProductDependency;
			package = 53310BA02D7E20D600C1DE8B /* XCRemoteSwiftPackageReference "firebase-ios-sdk" */;
			productName = FirebaseFunctions;
		};
		5330097C2E43896100C3057B /* FirebaseFunctionsCombine-Community */ = {
			isa = XCSwiftPackageProductDependency;
			package = 53310BA02D7E20D600C1DE8B /* XCRemoteSwiftPackageReference "firebase-ios-sdk" */;
			productName = "FirebaseFunctionsCombine-Community";
		};
		53310BC92D7E238900C1DE8B /* FirebaseCore */ = {
			isa = XCSwiftPackageProductDependency;
			package = 53310BA02D7E20D600C1DE8B /* XCRemoteSwiftPackageReference "firebase-ios-sdk" */;
			productName = FirebaseCore;
		};
		53310BCB2D7E238F00C1DE8B /* FirebaseCrashlytics */ = {
			isa = XCSwiftPackageProductDependency;
			package = 53310BA02D7E20D600C1DE8B /* XCRemoteSwiftPackageReference "firebase-ios-sdk" */;
			productName = FirebaseCrashlytics;
		};
		5370F6812E4052E3009238EB /* FirebaseAuth */ = {
			isa = XCSwiftPackageProductDependency;
			package = 53310BA02D7E20D600C1DE8B /* XCRemoteSwiftPackageReference "firebase-ios-sdk" */;
			productName = FirebaseAuth;
		};
		5370F6832E4052E8009238EB /* FirebaseFirestore */ = {
			isa = XCSwiftPackageProductDependency;
			package = 53310BA02D7E20D600C1DE8B /* XCRemoteSwiftPackageReference "firebase-ios-sdk" */;
			productName = FirebaseFirestore;
		};
		5370F6852E4052ED009238EB /* FirebaseStorage */ = {
			isa = XCSwiftPackageProductDependency;
			package = 53310BA02D7E20D600C1DE8B /* XCRemoteSwiftPackageReference "firebase-ios-sdk" */;
			productName = FirebaseStorage;
		};
		5370F6872E4052F1009238EB /* FirebaseAuth */ = {
			isa = XCSwiftPackageProductDependency;
			package = 53310BA02D7E20D600C1DE8B /* XCRemoteSwiftPackageReference "firebase-ios-sdk" */;
			productName = FirebaseAuth;
		};
		5370F6892E4052F5009238EB /* FirebaseFirestore */ = {
			isa = XCSwiftPackageProductDependency;
			package = 53310BA02D7E20D600C1DE8B /* XCRemoteSwiftPackageReference "firebase-ios-sdk" */;
			productName = FirebaseFirestore;
		};
		5370F68B2E4052F9009238EB /* FirebaseStorage */ = {
			isa = XCSwiftPackageProductDependency;
			package = 53310BA02D7E20D600C1DE8B /* XCRemoteSwiftPackageReference "firebase-ios-sdk" */;
			productName = FirebaseStorage;
		};
		5370F68E2E405358009238EB /* GoogleSignIn */ = {
			isa = XCSwiftPackageProductDependency;
			package = 5370F68D2E405358009238EB /* XCRemoteSwiftPackageReference "GoogleSignIn-iOS" */;
			productName = GoogleSignIn;
		};
		5370F6902E405358009238EB /* GoogleSignInSwift */ = {
			isa = XCSwiftPackageProductDependency;
			package = 5370F68D2E405358009238EB /* XCRemoteSwiftPackageReference "GoogleSignIn-iOS" */;
			productName = GoogleSignInSwift;
		};
		5370F6922E4053C1009238EB /* GoogleSignIn */ = {
			isa = XCSwiftPackageProductDependency;
			package = 5370F68D2E405358009238EB /* XCRemoteSwiftPackageReference "GoogleSignIn-iOS" */;
			productName = GoogleSignIn;
		};
		5370F6942E4053C6009238EB /* GoogleSignInSwift */ = {
			isa = XCSwiftPackageProductDependency;
			package = 5370F68D2E405358009238EB /* XCRemoteSwiftPackageReference "GoogleSignIn-iOS" */;
			productName = GoogleSignInSwift;
		};
		539839682E48D9AC006ECF2D /* ReceiptParser */ = {
			isa = XCSwiftPackageProductDependency;
			package = 539839672E48D9AC006ECF2D /* XCRemoteSwiftPackageReference "purchases-ios" */;
			productName = ReceiptParser;
		};
		5398396A2E48D9AC006ECF2D /* RevenueCat */ = {
			isa = XCSwiftPackageProductDependency;
			package = 539839672E48D9AC006ECF2D /* XCRemoteSwiftPackageReference "purchases-ios" */;
			productName = RevenueCat;
		};
		5398396C2E48D9AC006ECF2D /* RevenueCatUI */ = {
			isa = XCSwiftPackageProductDependency;
			package = 539839672E48D9AC006ECF2D /* XCRemoteSwiftPackageReference "purchases-ios" */;
			productName = RevenueCatUI;
		};
		5398397A2E48EAA3006ECF2D /* RevenueCat */ = {
			isa = XCSwiftPackageProductDependency;
			package = 539839672E48D9AC006ECF2D /* XCRemoteSwiftPackageReference "purchases-ios" */;
			productName = RevenueCat;
		};
		5398397E2E48EAAC006ECF2D /* ReceiptParser */ = {
			isa = XCSwiftPackageProductDependency;
			package = 539839672E48D9AC006ECF2D /* XCRemoteSwiftPackageReference "purchases-ios" */;
			productName = ReceiptParser;
		};
		53C13D062E4ECFAA00622B37 /* Flow */ = {
			isa = XCSwiftPackageProductDependency;
			package = 5321A2E12E3FADEF0066DFC4 /* XCRemoteSwiftPackageReference "SwiftUI-Flow" */;
			productName = Flow;
		};
		53C13D092E4ED01F00622B37 /* FirebaseMessaging */ = {
			isa = XCSwiftPackageProductDependency;
			package = 53310BA02D7E20D600C1DE8B /* XCRemoteSwiftPackageReference "firebase-ios-sdk" */;
			productName = FirebaseMessaging;
		};
/* End XCSwiftPackageProductDependency section */
	};
	rootObject = 53E9A74C2D7C3383007E9F28 /* Project object */;
}
