// !$*UTF8*$!
{
	archiveVersion = 1;
	classes = {
	};
	objectVersion = 77;
	objects = {

/* Begin PBXBuildFile section */
		530D2C4D2D983A1E0040C247 /* CloudKit.framework in Frameworks */ = {isa = PBXBuildFile; fileRef = 530D2C4C2D983A1E0040C247 /* CloudKit.framework */; };
		530D2C532D983E720040C247 /* FirebaseCore in Frameworks */ = {isa = PBXBuildFile; productRef = 530D2C522D983E720040C247 /* FirebaseCore */; };
		530D2C552D983E780040C247 /* FirebaseCrashlytics in Frameworks */ = {isa = PBXBuildFile; productRef = 530D2C542D983E780040C247 /* FirebaseCrashlytics */; };
		532C151F2E3CC38600552599 /* FirebaseAnalyticsWithoutAdIdSupport in Frameworks */ = {isa = PBXBuildFile; productRef = 532C151E2E3CC38600552599 /* FirebaseAnalyticsWithoutAdIdSupport */; };
		532C15212E3CC39600552599 /* FirebaseAnalytics in Frameworks */ = {isa = PBXBuildFile; productRef = 532C15202E3CC39600552599 /* FirebaseAnalytics */; };
		53310BCA2D7E238900C1DE8B /* FirebaseCore in Frameworks */ = {isa = PBXBuildFile; productRef = 53310BC92D7E238900C1DE8B /* FirebaseCore */; };
		53310BCC2D7E238F00C1DE8B /* FirebaseCrashlytics in Frameworks */ = {isa = PBXBuildFile; productRef = 53310BCB2D7E238F00C1DE8B /* FirebaseCrashlytics */; };
/* End PBXBuildFile section */

/* Begin PBXCopyFilesBuildPhase section */
		530D2C7B2D9844B40040C247 /* Embed Frameworks */ = {
			isa = PBXCopyFilesBuildPhase;
			buildActionMask = 2147483647;
			dstPath = "";
			dstSubfolderSpec = 10;
			files = (
			);
			name = "Embed Frameworks";
			runOnlyForDeploymentPostprocessing = 0;
		};
		53310D792D7EB4CF00C1DE8B /* Embed Frameworks */ = {
			isa = PBXCopyFilesBuildPhase;
			buildActionMask = 2147483647;
			dstPath = "";
			dstSubfolderSpec = 10;
			files = (
			);
			name = "Embed Frameworks";
			runOnlyForDeploymentPostprocessing = 0;
		};
/* End PBXCopyFilesBuildPhase section */

/* Begin PBXFileReference section */
		530D2C332D9836920040C247 /* My Dictionary.app */ = {isa = PBXFileReference; explicitFileType = wrapper.application; includeInIndex = 0; path = "My Dictionary.app"; sourceTree = BUILT_PRODUCTS_DIR; };
		530D2C4C2D983A1E0040C247 /* CloudKit.framework */ = {isa = PBXFileReference; lastKnownFileType = wrapper.framework; name = CloudKit.framework; path = Platforms/MacOSX.platform/Developer/SDKs/MacOSX15.2.sdk/System/Library/Frameworks/CloudKit.framework; sourceTree = DEVELOPER_DIR; };
		53E9A7542D7C3383007E9F28 /* My Dictionary.app */ = {isa = PBXFileReference; explicitFileType = wrapper.application; includeInIndex = 0; path = "My Dictionary.app"; sourceTree = BUILT_PRODUCTS_DIR; };
		53E9AAD22D7CA84F007E9F28 /* README.md */ = {isa = PBXFileReference; lastKnownFileType = net.daringfireball.markdown; path = README.md; sourceTree = "<group>"; };
/* End PBXFileReference section */

/* Begin PBXFileSystemSynchronizedBuildFileExceptionSet section */
		532C16862E3CCC6B00552599 /* Exceptions for "Shared" folder in "My Dictionary (macOS)" target */ = {
			isa = PBXFileSystemSynchronizedBuildFileExceptionSet;
			membershipExceptions = (
				DeviceHelper.swift,
			);
			target = 530D2C322D9836920040C247 /* My Dictionary (macOS) */;
		};
		53E9A7802D7C3385007E9F28 /* Exceptions for "My Dictionary" folder in "My Dictionary" target */ = {
			isa = PBXFileSystemSynchronizedBuildFileExceptionSet;
			membershipExceptions = (
				Info.plist,
			);
			target = 53E9A7532D7C3383007E9F28 /* My Dictionary */;
		};
/* End PBXFileSystemSynchronizedBuildFileExceptionSet section */

/* Begin PBXFileSystemSynchronizedRootGroup section */
		530D2C342D9836920040C247 /* My Dictionary (macOS) */ = {
			isa = PBXFileSystemSynchronizedRootGroup;
			path = "My Dictionary (macOS)";
			sourceTree = "<group>";
		};
		530D2C902D98474E0040C247 /* CoreUserInterface (macOS) */ = {
			isa = PBXFileSystemSynchronizedRootGroup;
			path = "CoreUserInterface (macOS)";
			sourceTree = "<group>";
		};
		530D2CA12D9847680040C247 /* UserInterface (macOS) */ = {
			isa = PBXFileSystemSynchronizedRootGroup;
			path = "UserInterface (macOS)";
			sourceTree = "<group>";
		};
		53E9A7562D7C3383007E9F28 /* My Dictionary */ = {
			isa = PBXFileSystemSynchronizedRootGroup;
			exceptions = (
				53E9A7802D7C3385007E9F28 /* Exceptions for "My Dictionary" folder in "My Dictionary" target */,
			);
			path = "My Dictionary";
			sourceTree = "<group>";
		};
		53E9A7E42D7C3E07007E9F28 /* UserInterface */ = {
			isa = PBXFileSystemSynchronizedRootGroup;
			path = UserInterface;
			sourceTree = "<group>";
		};
		53E9A7FB2D7C3FE4007E9F28 /* Services */ = {
			isa = PBXFileSystemSynchronizedRootGroup;
			path = Services;
			sourceTree = "<group>";
		};
		53E9A80C2D7C3FF1007E9F28 /* Core */ = {
			isa = PBXFileSystemSynchronizedRootGroup;
			path = Core;
			sourceTree = "<group>";
		};
		53E9A9B12D7C41DE007E9F28 /* CoreUserInterface */ = {
			isa = PBXFileSystemSynchronizedRootGroup;
			path = CoreUserInterface;
			sourceTree = "<group>";
		};
		53E9A9F92D7C439B007E9F28 /* Shared */ = {
			isa = PBXFileSystemSynchronizedRootGroup;
			exceptions = (
				532C16862E3CCC6B00552599 /* Exceptions for "Shared" folder in "My Dictionary (macOS)" target */,
			);
			path = Shared;
			sourceTree = "<group>";
		};
		53E9AAD82D7CA867007E9F28 /* docs */ = {
			isa = PBXFileSystemSynchronizedRootGroup;
			path = docs;
			sourceTree = "<group>";
		};
/* End PBXFileSystemSynchronizedRootGroup section */

/* Begin PBXFrameworksBuildPhase section */
		530D2C302D9836920040C247 /* Frameworks */ = {
			isa = PBXFrameworksBuildPhase;
			buildActionMask = 2147483647;
			files = (
				530D2C552D983E780040C247 /* FirebaseCrashlytics in Frameworks */,
				530D2C532D983E720040C247 /* FirebaseCore in Frameworks */,
				532C15212E3CC39600552599 /* FirebaseAnalytics in Frameworks */,
				530D2C4D2D983A1E0040C247 /* CloudKit.framework in Frameworks */,
			);
			runOnlyForDeploymentPostprocessing = 0;
		};
		53E9A7512D7C3383007E9F28 /* Frameworks */ = {
			isa = PBXFrameworksBuildPhase;
			buildActionMask = 2147483647;
			files = (
				53310BCC2D7E238F00C1DE8B /* FirebaseCrashlytics in Frameworks */,
				532C151F2E3CC38600552599 /* FirebaseAnalyticsWithoutAdIdSupport in Frameworks */,
				53310BCA2D7E238900C1DE8B /* FirebaseCore in Frameworks */,
			);
			runOnlyForDeploymentPostprocessing = 0;
		};
/* End PBXFrameworksBuildPhase section */

/* Begin PBXGroup section */
		53E9A74B2D7C3383007E9F28 = {
			isa = PBXGroup;
			children = (
				53E9A7562D7C3383007E9F28 /* My Dictionary */,
				53E9A7FB2D7C3FE4007E9F28 /* Services */,
				53E9A80C2D7C3FF1007E9F28 /* Core */,
				53E9A9B12D7C41DE007E9F28 /* CoreUserInterface */,
				53E9A9F92D7C439B007E9F28 /* Shared */,
				53E9A7E42D7C3E07007E9F28 /* UserInterface */,
				530D2C342D9836920040C247 /* My Dictionary (macOS) */,
				530D2C902D98474E0040C247 /* CoreUserInterface (macOS) */,
				530D2CA12D9847680040C247 /* UserInterface (macOS) */,
				53E9A7552D7C3383007E9F28 /* Products */,
				53E9A8172D7C4019007E9F28 /* Frameworks */,
				53E9AAD22D7CA84F007E9F28 /* README.md */,
				53E9AAD82D7CA867007E9F28 /* docs */,
			);
			sourceTree = "<group>";
		};
		53E9A7552D7C3383007E9F28 /* Products */ = {
			isa = PBXGroup;
			children = (
				53E9A7542D7C3383007E9F28 /* My Dictionary.app */,
				530D2C332D9836920040C247 /* My Dictionary.app */,
			);
			name = Products;
			sourceTree = "<group>";
		};
		53E9A8172D7C4019007E9F28 /* Frameworks */ = {
			isa = PBXGroup;
			children = (
				530D2C4C2D983A1E0040C247 /* CloudKit.framework */,
			);
			name = Frameworks;
			sourceTree = "<group>";
		};
/* End PBXGroup section */

/* Begin PBXNativeTarget section */
		530D2C322D9836920040C247 /* My Dictionary (macOS) */ = {
			isa = PBXNativeTarget;
			buildConfigurationList = 530D2C462D9836930040C247 /* Build configuration list for PBXNativeTarget "My Dictionary (macOS)" */;
			buildPhases = (
				530D2C2F2D9836920040C247 /* Sources */,
				530D2C302D9836920040C247 /* Frameworks */,
				530D2C312D9836920040C247 /* Resources */,
				530D2C7B2D9844B40040C247 /* Embed Frameworks */,
			);
			buildRules = (
			);
			dependencies = (
			);
			fileSystemSynchronizedGroups = (
				530D2C342D9836920040C247 /* My Dictionary (macOS) */,
				530D2C902D98474E0040C247 /* CoreUserInterface (macOS) */,
				530D2CA12D9847680040C247 /* UserInterface (macOS) */,
				53E9A7FB2D7C3FE4007E9F28 /* Services */,
				53E9A80C2D7C3FF1007E9F28 /* Core */,
				53E9A9F92D7C439B007E9F28 /* Shared */,
			);
			name = "My Dictionary (macOS)";
			packageProductDependencies = (
				530D2C522D983E720040C247 /* FirebaseCore */,
				530D2C542D983E780040C247 /* FirebaseCrashlytics */,
				532C15202E3CC39600552599 /* FirebaseAnalytics */,
			);
			productName = "My Dictionary (macOS)";
			productReference = 530D2C332D9836920040C247 /* My Dictionary.app */;
			productType = "com.apple.product-type.application";
		};
		53E9A7532D7C3383007E9F28 /* My Dictionary */ = {
			isa = PBXNativeTarget;
			buildConfigurationList = 53E9A7812D7C3385007E9F28 /* Build configuration list for PBXNativeTarget "My Dictionary" */;
			buildPhases = (
				53E9A7502D7C3383007E9F28 /* Sources */,
				53E9A7512D7C3383007E9F28 /* Frameworks */,
				53E9A7522D7C3383007E9F28 /* Resources */,
				53310D792D7EB4CF00C1DE8B /* Embed Frameworks */,
			);
			buildRules = (
			);
			dependencies = (
			);
			fileSystemSynchronizedGroups = (
				53E9A7562D7C3383007E9F28 /* My Dictionary */,
				53E9A7E42D7C3E07007E9F28 /* UserInterface */,
				53E9A7FB2D7C3FE4007E9F28 /* Services */,
				53E9A80C2D7C3FF1007E9F28 /* Core */,
				53E9A9B12D7C41DE007E9F28 /* CoreUserInterface */,
				53E9A9F92D7C439B007E9F28 /* Shared */,
			);
			name = "My Dictionary";
			packageProductDependencies = (
				53310BC92D7E238900C1DE8B /* FirebaseCore */,
				53310BCB2D7E238F00C1DE8B /* FirebaseCrashlytics */,
				532C151E2E3CC38600552599 /* FirebaseAnalyticsWithoutAdIdSupport */,
			);
			productName = "My Dictionary";
			productReference = 53E9A7542D7C3383007E9F28 /* My Dictionary.app */;
			productType = "com.apple.product-type.application";
		};
/* End PBXNativeTarget section */

/* Begin PBXProject section */
		53E9A74C2D7C3383007E9F28 /* Project object */ = {
			isa = PBXProject;
			attributes = {
				BuildIndependentTargetsInParallel = 1;
				LastSwiftUpdateCheck = 1620;
				LastUpgradeCheck = 1620;
				TargetAttributes = {
					530D2C322D9836920040C247 = {
						CreatedOnToolsVersion = 16.2;
					};
					53E9A7532D7C3383007E9F28 = {
						CreatedOnToolsVersion = 16.2;
					};
				};
			};
			buildConfigurationList = 53E9A74F2D7C3383007E9F28 /* Build configuration list for PBXProject "My Dictionary" */;
			developmentRegion = en;
			hasScannedForEncodings = 0;
			knownRegions = (
				en,
				Base,
			);
			mainGroup = 53E9A74B2D7C3383007E9F28;
			minimizedProjectReferenceProxies = 1;
			packageReferences = (
				53310BA02D7E20D600C1DE8B /* XCRemoteSwiftPackageReference "firebase-ios-sdk" */,
				530D2F722D99508E0040C247 /* XCRemoteSwiftPackageReference "Glur" */,
			);
			preferredProjectObjectVersion = 77;
			productRefGroup = 53E9A7552D7C3383007E9F28 /* Products */;
			projectDirPath = "";
			projectRoot = "";
			targets = (
				53E9A7532D7C3383007E9F28 /* My Dictionary */,
				530D2C322D9836920040C247 /* My Dictionary (macOS) */,
			);
		};
/* End PBXProject section */

/* Begin PBXResourcesBuildPhase section */
		530D2C312D9836920040C247 /* Resources */ = {
			isa = PBXResourcesBuildPhase;
			buildActionMask = 2147483647;
			files = (
			);
			runOnlyForDeploymentPostprocessing = 0;
		};
		53E9A7522D7C3383007E9F28 /* Resources */ = {
			isa = PBXResourcesBuildPhase;
			buildActionMask = 2147483647;
			files = (
			);
			runOnlyForDeploymentPostprocessing = 0;
		};
/* End PBXResourcesBuildPhase section */

/* Begin PBXSourcesBuildPhase section */
		530D2C2F2D9836920040C247 /* Sources */ = {
			isa = PBXSourcesBuildPhase;
			buildActionMask = 2147483647;
			files = (
			);
			runOnlyForDeploymentPostprocessing = 0;
		};
		53E9A7502D7C3383007E9F28 /* Sources */ = {
			isa = PBXSourcesBuildPhase;
			buildActionMask = 2147483647;
			files = (
			);
			runOnlyForDeploymentPostprocessing = 0;
		};
/* End PBXSourcesBuildPhase section */

/* Begin XCBuildConfiguration section */
		530D2C442D9836930040C247 /* Debug */ = {
			isa = XCBuildConfiguration;
			buildSettings = {
				ASSETCATALOG_COMPILER_APPICON_NAME = AppIcon;
				ASSETCATALOG_COMPILER_GLOBAL_ACCENT_COLOR_NAME = AccentColor;
				CODE_SIGN_ENTITLEMENTS = "My Dictionary (macOS)/Resources/MyDictionary.entitlements";
				CODE_SIGN_STYLE = Automatic;
				COMBINE_HIDPI_IMAGES = YES;
				CURRENT_PROJECT_VERSION = 10;
				DEVELOPMENT_ASSET_PATHS = "My\\ Dictionary\\ (macOS)/Resources/Assets.xcassets";
				DEVELOPMENT_TEAM = 69S862NXBP;
				ENABLE_HARDENED_RUNTIME = YES;
				ENABLE_PREVIEWS = YES;
				GENERATE_INFOPLIST_FILE = YES;
				INFOPLIST_FILE = "My Dictionary (macOS)/Resources/Info.plist";
				INFOPLIST_KEY_CFBundleDisplayName = "My Dictionary";
				INFOPLIST_KEY_LSApplicationCategoryType = "public.app-category.education";
				INFOPLIST_KEY_NSHumanReadableCopyright = "";
				LD_RUNPATH_SEARCH_PATHS = (
					"$(inherited)",
					"@executable_path/../Frameworks",
				);
				MACOSX_DEPLOYMENT_TARGET = 14.6;
				MARKETING_VERSION = 3.2;
				PRODUCT_BUNDLE_IDENTIFIER = "com.dor.My-Dictionary";
				PRODUCT_NAME = "My Dictionary";
				SDKROOT = macosx;
				SWIFT_EMIT_LOC_STRINGS = YES;
				SWIFT_VERSION = 5.0;
			};
			name = Debug;
		};
		530D2C452D9836930040C247 /* Release */ = {
			isa = XCBuildConfiguration;
			buildSettings = {
				ASSETCATALOG_COMPILER_APPICON_NAME = AppIcon;
				ASSETCATALOG_COMPILER_GLOBAL_ACCENT_COLOR_NAME = AccentColor;
				CODE_SIGN_ENTITLEMENTS = "My Dictionary (macOS)/Resources/MyDictionary.entitlements";
				CODE_SIGN_STYLE = Automatic;
				COMBINE_HIDPI_IMAGES = YES;
				CURRENT_PROJECT_VERSION = 10;
				DEVELOPMENT_ASSET_PATHS = "My\\ Dictionary\\ (macOS)/Resources/Assets.xcassets";
				DEVELOPMENT_TEAM = 69S862NXBP;
				ENABLE_HARDENED_RUNTIME = YES;
				ENABLE_PREVIEWS = YES;
				GENERATE_INFOPLIST_FILE = YES;
				INFOPLIST_FILE = "My Dictionary (macOS)/Resources/Info.plist";
				INFOPLIST_KEY_CFBundleDisplayName = "My Dictionary";
				INFOPLIST_KEY_LSApplicationCategoryType = "public.app-category.education";
				INFOPLIST_KEY_NSHumanReadableCopyright = "";
				LD_RUNPATH_SEARCH_PATHS = (
					"$(inherited)",
					"@executable_path/../Frameworks",
				);
				MACOSX_DEPLOYMENT_TARGET = 14.6;
				MARKETING_VERSION = 3.2;
				PRODUCT_BUNDLE_IDENTIFIER = "com.dor.My-Dictionary";
				PRODUCT_NAME = "My Dictionary";
				SDKROOT = macosx;
				SWIFT_EMIT_LOC_STRINGS = YES;
				SWIFT_VERSION = 5.0;
			};
			name = Release;
		};
		53E9A7822D7C3385007E9F28 /* Debug */ = {
			isa = XCBuildConfiguration;
			buildSettings = {
				ASSETCATALOG_COMPILER_APPICON_NAME = AppIcon;
				ASSETCATALOG_COMPILER_GLOBAL_ACCENT_COLOR_NAME = AccentColor;
				CODE_SIGN_ENTITLEMENTS = "My Dictionary/Resources/My_Dictionary.entitlements";
				CODE_SIGN_STYLE = Automatic;
				CURRENT_PROJECT_VERSION = 1;
				DEVELOPMENT_ASSET_PATHS = "My\\ Dictionary/Resources/Assets.xcassets";
				DEVELOPMENT_TEAM = 69S862NXBP;
				GENERATE_INFOPLIST_FILE = YES;
				INFOPLIST_FILE = "My Dictionary/Info.plist";
				INFOPLIST_KEY_LSApplicationCategoryType = "public.app-category.education";
				INFOPLIST_KEY_UIApplicationSupportsIndirectInputEvents = YES;
				INFOPLIST_KEY_UILaunchStoryboardName = LaunchScreen.storyboard;
				INFOPLIST_KEY_UIRequiresFullScreen = YES;
				INFOPLIST_KEY_UISupportedInterfaceOrientations = UIInterfaceOrientationPortrait;
				INFOPLIST_KEY_UISupportedInterfaceOrientations_iPad = "UIInterfaceOrientationLandscapeLeft UIInterfaceOrientationLandscapeRight UIInterfaceOrientationPortrait UIInterfaceOrientationPortraitUpsideDown";
				IPHONEOS_DEPLOYMENT_TARGET = 17;
				LD_RUNPATH_SEARCH_PATHS = (
					"$(inherited)",
					"@executable_path/Frameworks",
				);
				MACOSX_DEPLOYMENT_TARGET = 14.6;
				MARKETING_VERSION = 3.2.2;
				PRODUCT_BUNDLE_IDENTIFIER = "com.dor.My-Dictionary";
				PRODUCT_NAME = "$(TARGET_NAME)";
				SUPPORTED_PLATFORMS = "iphoneos iphonesimulator";
				SUPPORTS_MACCATALYST = NO;
				SUPPORTS_MAC_DESIGNED_FOR_IPHONE_IPAD = NO;
				SUPPORTS_XR_DESIGNED_FOR_IPHONE_IPAD = NO;
				SWIFT_EMIT_LOC_STRINGS = YES;
				SWIFT_VERSION = 5.0;
				TARGETED_DEVICE_FAMILY = "1,2";
			};
			name = Debug;
		};
		53E9A7832D7C3385007E9F28 /* Release */ = {
			isa = XCBuildConfiguration;
			buildSettings = {
				ASSETCATALOG_COMPILER_APPICON_NAME = AppIcon;
				ASSETCATALOG_COMPILER_GLOBAL_ACCENT_COLOR_NAME = AccentColor;
				CODE_SIGN_ENTITLEMENTS = "My Dictionary/Resources/My_Dictionary.entitlements";
				CODE_SIGN_STYLE = Automatic;
				CURRENT_PROJECT_VERSION = 1;
				DEVELOPMENT_ASSET_PATHS = "My\\ Dictionary/Resources/Assets.xcassets";
				DEVELOPMENT_TEAM = 69S862NXBP;
				GENERATE_INFOPLIST_FILE = YES;
				INFOPLIST_FILE = "My Dictionary/Info.plist";
				INFOPLIST_KEY_LSApplicationCategoryType = "public.app-category.education";
				INFOPLIST_KEY_UIApplicationSupportsIndirectInputEvents = YES;
				INFOPLIST_KEY_UILaunchStoryboardName = LaunchScreen.storyboard;
				INFOPLIST_KEY_UIRequiresFullScreen = YES;
				INFOPLIST_KEY_UISupportedInterfaceOrientations = UIInterfaceOrientationPortrait;
				INFOPLIST_KEY_UISupportedInterfaceOrientations_iPad = "UIInterfaceOrientationLandscapeLeft UIInterfaceOrientationLandscapeRight UIInterfaceOrientationPortrait UIInterfaceOrientationPortraitUpsideDown";
				IPHONEOS_DEPLOYMENT_TARGET = 17;
				LD_RUNPATH_SEARCH_PATHS = (
					"$(inherited)",
					"@executable_path/Frameworks",
				);
				MACOSX_DEPLOYMENT_TARGET = 14.6;
				MARKETING_VERSION = 3.2.2;
				PRODUCT_BUNDLE_IDENTIFIER = "com.dor.My-Dictionary";
				PRODUCT_NAME = "$(TARGET_NAME)";
				SUPPORTED_PLATFORMS = "iphoneos iphonesimulator";
				SUPPORTS_MACCATALYST = NO;
				SUPPORTS_MAC_DESIGNED_FOR_IPHONE_IPAD = NO;
				SUPPORTS_XR_DESIGNED_FOR_IPHONE_IPAD = NO;
				SWIFT_EMIT_LOC_STRINGS = YES;
				SWIFT_VERSION = 5.0;
				TARGETED_DEVICE_FAMILY = "1,2";
			};
			name = Release;
		};
		53E9A7842D7C3385007E9F28 /* Debug */ = {
			isa = XCBuildConfiguration;
			buildSettings = {
				ALWAYS_SEARCH_USER_PATHS = NO;
				ASSETCATALOG_COMPILER_GENERATE_SWIFT_ASSET_SYMBOL_EXTENSIONS = YES;
				CLANG_ANALYZER_NONNULL = YES;
				CLANG_ANALYZER_NUMBER_OBJECT_CONVERSION = YES_AGGRESSIVE;
				CLANG_CXX_LANGUAGE_STANDARD = "gnu++20";
				CLANG_ENABLE_MODULES = YES;
				CLANG_ENABLE_OBJC_ARC = YES;
				CLANG_ENABLE_OBJC_WEAK = YES;
				CLANG_WARN_BLOCK_CAPTURE_AUTORELEASING = YES;
				CLANG_WARN_BOOL_CONVERSION = YES;
				CLANG_WARN_COMMA = YES;
				CLANG_WARN_CONSTANT_CONVERSION = YES;
				CLANG_WARN_DEPRECATED_OBJC_IMPLEMENTATIONS = YES;
				CLANG_WARN_DIRECT_OBJC_ISA_USAGE = YES_ERROR;
				CLANG_WARN_DOCUMENTATION_COMMENTS = YES;
				CLANG_WARN_EMPTY_BODY = YES;
				CLANG_WARN_ENUM_CONVERSION = YES;
				CLANG_WARN_INFINITE_RECURSION = YES;
				CLANG_WARN_INT_CONVERSION = YES;
				CLANG_WARN_NON_LITERAL_NULL_CONVERSION = YES;
				CLANG_WARN_OBJC_IMPLICIT_RETAIN_SELF = YES;
				CLANG_WARN_OBJC_LITERAL_CONVERSION = YES;
				CLANG_WARN_OBJC_ROOT_CLASS = YES_ERROR;
				CLANG_WARN_QUOTED_INCLUDE_IN_FRAMEWORK_HEADER = YES;
				CLANG_WARN_RANGE_LOOP_ANALYSIS = YES;
				CLANG_WARN_STRICT_PROTOTYPES = YES;
				CLANG_WARN_SUSPICIOUS_MOVE = YES;
				CLANG_WARN_UNGUARDED_AVAILABILITY = YES_AGGRESSIVE;
				CLANG_WARN_UNREACHABLE_CODE = YES;
				CLANG_WARN__DUPLICATE_METHOD_MATCH = YES;
				COPY_PHASE_STRIP = NO;
				DEBUG_INFORMATION_FORMAT = dwarf;
				ENABLE_STRICT_OBJC_MSGSEND = YES;
				ENABLE_TESTABILITY = YES;
				ENABLE_USER_SCRIPT_SANDBOXING = YES;
				GCC_C_LANGUAGE_STANDARD = gnu17;
				GCC_DYNAMIC_NO_PIC = NO;
				GCC_NO_COMMON_BLOCKS = YES;
				GCC_OPTIMIZATION_LEVEL = 0;
				GCC_PREPROCESSOR_DEFINITIONS = (
					"DEBUG=1",
					"$(inherited)",
				);
				GCC_WARN_64_TO_32_BIT_CONVERSION = YES;
				GCC_WARN_ABOUT_RETURN_TYPE = YES_ERROR;
				GCC_WARN_UNDECLARED_SELECTOR = YES;
				GCC_WARN_UNINITIALIZED_AUTOS = YES_AGGRESSIVE;
				GCC_WARN_UNUSED_FUNCTION = YES;
				GCC_WARN_UNUSED_VARIABLE = YES;
				IPHONEOS_DEPLOYMENT_TARGET = 17.6;
				LOCALIZATION_PREFERS_STRING_CATALOGS = YES;
				MTL_ENABLE_DEBUG_INFO = INCLUDE_SOURCE;
				MTL_FAST_MATH = YES;
				ONLY_ACTIVE_ARCH = YES;
				SDKROOT = iphoneos;
				SWIFT_ACTIVE_COMPILATION_CONDITIONS = "DEBUG $(inherited)";
				SWIFT_OPTIMIZATION_LEVEL = "-Onone";
			};
			name = Debug;
		};
		53E9A7852D7C3385007E9F28 /* Release */ = {
			isa = XCBuildConfiguration;
			buildSettings = {
				ALWAYS_SEARCH_USER_PATHS = NO;
				ASSETCATALOG_COMPILER_GENERATE_SWIFT_ASSET_SYMBOL_EXTENSIONS = YES;
				CLANG_ANALYZER_NONNULL = YES;
				CLANG_ANALYZER_NUMBER_OBJECT_CONVERSION = YES_AGGRESSIVE;
				CLANG_CXX_LANGUAGE_STANDARD = "gnu++20";
				CLANG_ENABLE_MODULES = YES;
				CLANG_ENABLE_OBJC_ARC = YES;
				CLANG_ENABLE_OBJC_WEAK = YES;
				CLANG_WARN_BLOCK_CAPTURE_AUTORELEASING = YES;
				CLANG_WARN_BOOL_CONVERSION = YES;
				CLANG_WARN_COMMA = YES;
				CLANG_WARN_CONSTANT_CONVERSION = YES;
				CLANG_WARN_DEPRECATED_OBJC_IMPLEMENTATIONS = YES;
				CLANG_WARN_DIRECT_OBJC_ISA_USAGE = YES_ERROR;
				CLANG_WARN_DOCUMENTATION_COMMENTS = YES;
				CLANG_WARN_EMPTY_BODY = YES;
				CLANG_WARN_ENUM_CONVERSION = YES;
				CLANG_WARN_INFINITE_RECURSION = YES;
				CLANG_WARN_INT_CONVERSION = YES;
				CLANG_WARN_NON_LITERAL_NULL_CONVERSION = YES;
				CLANG_WARN_OBJC_IMPLICIT_RETAIN_SELF = YES;
				CLANG_WARN_OBJC_LITERAL_CONVERSION = YES;
				CLANG_WARN_OBJC_ROOT_CLASS = YES_ERROR;
				CLANG_WARN_QUOTED_INCLUDE_IN_FRAMEWORK_HEADER = YES;
				CLANG_WARN_RANGE_LOOP_ANALYSIS = YES;
				CLANG_WARN_STRICT_PROTOTYPES = YES;
				CLANG_WARN_SUSPICIOUS_MOVE = YES;
				CLANG_WARN_UNGUARDED_AVAILABILITY = YES_AGGRESSIVE;
				CLANG_WARN_UNREACHABLE_CODE = YES;
				CLANG_WARN__DUPLICATE_METHOD_MATCH = YES;
				COPY_PHASE_STRIP = NO;
				DEBUG_INFORMATION_FORMAT = "dwarf-with-dsym";
				ENABLE_NS_ASSERTIONS = NO;
				ENABLE_STRICT_OBJC_MSGSEND = YES;
				ENABLE_USER_SCRIPT_SANDBOXING = YES;
				GCC_C_LANGUAGE_STANDARD = gnu17;
				GCC_NO_COMMON_BLOCKS = YES;
				GCC_WARN_64_TO_32_BIT_CONVERSION = YES;
				GCC_WARN_ABOUT_RETURN_TYPE = YES_ERROR;
				GCC_WARN_UNDECLARED_SELECTOR = YES;
				GCC_WARN_UNINITIALIZED_AUTOS = YES_AGGRESSIVE;
				GCC_WARN_UNUSED_FUNCTION = YES;
				GCC_WARN_UNUSED_VARIABLE = YES;
				IPHONEOS_DEPLOYMENT_TARGET = 17.6;
				LOCALIZATION_PREFERS_STRING_CATALOGS = YES;
				MTL_ENABLE_DEBUG_INFO = NO;
				MTL_FAST_MATH = YES;
				SDKROOT = iphoneos;
				SWIFT_COMPILATION_MODE = wholemodule;
				VALIDATE_PRODUCT = YES;
			};
			name = Release;
		};
/* End XCBuildConfiguration section */

/* Begin XCConfigurationList section */
		530D2C462D9836930040C247 /* Build configuration list for PBXNativeTarget "My Dictionary (macOS)" */ = {
			isa = XCConfigurationList;
			buildConfigurations = (
				530D2C442D9836930040C247 /* Debug */,
				530D2C452D9836930040C247 /* Release */,
			);
			defaultConfigurationIsVisible = 0;
			defaultConfigurationName = Release;
		};
		53E9A74F2D7C3383007E9F28 /* Build configuration list for PBXProject "My Dictionary" */ = {
			isa = XCConfigurationList;
			buildConfigurations = (
				53E9A7842D7C3385007E9F28 /* Debug */,
				53E9A7852D7C3385007E9F28 /* Release */,
			);
			defaultConfigurationIsVisible = 0;
			defaultConfigurationName = Release;
		};
		53E9A7812D7C3385007E9F28 /* Build configuration list for PBXNativeTarget "My Dictionary" */ = {
			isa = XCConfigurationList;
			buildConfigurations = (
				53E9A7822D7C3385007E9F28 /* Debug */,
				53E9A7832D7C3385007E9F28 /* Release */,
			);
			defaultConfigurationIsVisible = 0;
			defaultConfigurationName = Release;
		};
/* End XCConfigurationList section */

/* Begin XCRemoteSwiftPackageReference section */
		530D2F722D99508E0040C247 /* XCRemoteSwiftPackageReference "Glur" */ = {
			isa = XCRemoteSwiftPackageReference;
			repositoryURL = "https://github.com/joogps/Glur";
			requirement = {
				kind = upToNextMajorVersion;
				minimumVersion = 1.0.4;
			};
		};
		53310BA02D7E20D600C1DE8B /* XCRemoteSwiftPackageReference "firebase-ios-sdk" */ = {
			isa = XCRemoteSwiftPackageReference;
			repositoryURL = "https://github.com/firebase/firebase-ios-sdk.git";
			requirement = {
				kind = upToNextMajorVersion;
				minimumVersion = 11.9.0;
			};
		};
/* End XCRemoteSwiftPackageReference section */

/* Begin XCSwiftPackageProductDependency section */
		530D2C522D983E720040C247 /* FirebaseCore */ = {
			isa = XCSwiftPackageProductDependency;
			package = 53310BA02D7E20D600C1DE8B /* XCRemoteSwiftPackageReference "firebase-ios-sdk" */;
			productName = FirebaseCore;
		};
		530D2C542D983E780040C247 /* FirebaseCrashlytics */ = {
			isa = XCSwiftPackageProductDependency;
			package = 53310BA02D7E20D600C1DE8B /* XCRemoteSwiftPackageReference "firebase-ios-sdk" */;
			productName = FirebaseCrashlytics;
		};
		532C151E2E3CC38600552599 /* FirebaseAnalyticsWithoutAdIdSupport */ = {
			isa = XCSwiftPackageProductDependency;
			package = 53310BA02D7E20D600C1DE8B /* XCRemoteSwiftPackageReference "firebase-ios-sdk" */;
			productName = FirebaseAnalyticsWithoutAdIdSupport;
		};
		532C15202E3CC39600552599 /* FirebaseAnalytics */ = {
			isa = XCSwiftPackageProductDependency;
			package = 53310BA02D7E20D600C1DE8B /* XCRemoteSwiftPackageReference "firebase-ios-sdk" */;
			productName = FirebaseAnalytics;
		};
		53310BC92D7E238900C1DE8B /* FirebaseCore */ = {
			isa = XCSwiftPackageProductDependency;
			package = 53310BA02D7E20D600C1DE8B /* XCRemoteSwiftPackageReference "firebase-ios-sdk" */;
			productName = FirebaseCore;
		};
		53310BCB2D7E238F00C1DE8B /* FirebaseCrashlytics */ = {
			isa = XCSwiftPackageProductDependency;
			package = 53310BA02D7E20D600C1DE8B /* XCRemoteSwiftPackageReference "firebase-ios-sdk" */;
			productName = FirebaseCrashlytics;
		};
/* End XCSwiftPackageProductDependency section */
	};
	rootObject = 53E9A74C2D7C3383007E9F28 /* Project object */;
}
